# THIS IS AN AUTOGENERATED FILE. DO NOT EDIT THIS FILE DIRECTLY.
# yarn lockfile v1


"@multiformats/base-x@^4.0.1":
  version "4.0.1"
  resolved "https://registry.yarnpkg.com/@multiformats/base-x/-/base-x-4.0.1.tgz#95ff0fa58711789d53aefb2590a8b7a4e715d121"
  integrity sha512-eMk0b9ReBbV23xXU693TAIrLyeO5iTgBZGSJfpqriG8UkYvr/hC9u9pyMlAakDNHWmbhMZCDs6KQO0jzKD8OTw==

base32@^0.0.6:
  version "0.0.6"
  resolved "https://registry.yarnpkg.com/base32/-/base32-0.0.6.tgz#79038bcb5aec2d8f22bcc1c28402924f50a6d2ac"
  integrity sha512-yLx6Siu9YOKpGvJx3aD/EIEfnpqDkPSm3DG2NbMyra/3wjWVO5D15UBA3jzIWBnxABkcpN+5WUG2sSPuz+8Pgw==
  dependencies:
    optimist ">=0.1.0"

cids@^1.1.9:
  version "1.1.9"
  resolved "https://registry.yarnpkg.com/cids/-/cids-1.1.9.tgz#402c26db5c07059377bcd6fb82f2a24e7f2f4a4f"
  integrity sha512-l11hWRfugIcbGuTZwAM5PwpjPPjyb6UZOGwlHSnOBV5o07XhQ4gNpBN67FbODvpjyHtd+0Xs6KNvUcGBiDRsdg==
  dependencies:
    multibase "^4.0.1"
    multicodec "^3.0.1"
    multihashes "^4.0.1"
    uint8arrays "^3.0.0"

minimist@~0.0.1:
  version "0.0.10"
  resolved "https://registry.yarnpkg.com/minimist/-/minimist-0.0.10.tgz#de3f98543dbf96082be48ad1a0c7cda836301dcf"
  integrity sha512-iotkTvxc+TwOm5Ieim8VnSNvCDjCK9S8G3scJ50ZthspSxa7jx50jkhYduuAtAjvfDUwSgOwf8+If99AlOEhyw==

multibase@^4.0.1:
  version "4.0.6"
  resolved "https://registry.yarnpkg.com/multibase/-/multibase-4.0.6.tgz#6e624341483d6123ca1ede956208cb821b440559"
  integrity sha512-x23pDe5+svdLz/k5JPGCVdfn7Q5mZVMBETiC+ORfO+sor9Sgs0smJzAjfTbM5tckeCqnaUuMYoz+k3RXMmJClQ==
  dependencies:
    "@multiformats/base-x" "^4.0.1"

multicodec@^3.0.1:
  version "3.2.1"
  resolved "https://registry.yarnpkg.com/multicodec/-/multicodec-3.2.1.tgz#82de3254a0fb163a107c1aab324f2a91ef51efb2"
  integrity sha512-+expTPftro8VAW8kfvcuNNNBgb9gPeNYV9dn+z1kJRWF2vih+/S79f2RVeIwmrJBUJ6NT9IUPWnZDQvegEh5pw==
  dependencies:
    uint8arrays "^3.0.0"
    varint "^6.0.0"

multiformats@^9.4.2:
  version "9.7.1"
  resolved "https://registry.yarnpkg.com/multiformats/-/multiformats-9.7.1.tgz#ab348e5fd6f8e7fb3fd56033211bda48854e2173"
  integrity sha512-TaVmGEBt0fhxiNJMGphBfB+oGvUxFs8KgGvgl8d3C+GWtrFcvXdJ2196eg+dYhmSFClmgFfSfJEklo+SZzdNuw==

multihashes@^4.0.1:
  version "4.0.3"
  resolved "https://registry.yarnpkg.com/multihashes/-/multihashes-4.0.3.tgz#426610539cd2551edbf533adeac4c06b3b90fb05"
  integrity sha512-0AhMH7Iu95XjDLxIeuCOOE4t9+vQZsACyKZ9Fxw2pcsRmlX4iCn1mby0hS0bb+nQOVpdQYWPpnyusw4da5RPhA==
  dependencies:
    multibase "^4.0.1"
    uint8arrays "^3.0.0"
    varint "^5.0.2"

optimist@>=0.1.0:
  version "0.6.1"
  resolved "https://registry.yarnpkg.com/optimist/-/optimist-0.6.1.tgz#da3ea74686fa21a19a111c326e90eb15a0196686"
  integrity sha512-snN4O4TkigujZphWLN0E//nQmm7790RYaE53DdL7ZYwee2D8DDo9/EyYiKUfN3rneWUjhJnueija3G9I2i0h3g==
  dependencies:
    minimist "~0.0.1"
    wordwrap "~0.0.2"

uint8arrays@^3.0.0:
  version "3.1.0"
  resolved "https://registry.yarnpkg.com/uint8arrays/-/uint8arrays-3.1.0.tgz#8186b8eafce68f28bd29bd29d683a311778901e2"
  integrity sha512-ei5rfKtoRO8OyOIor2Rz5fhzjThwIHJZ3uyDPnDHTXbP0aMQ1RN/6AI5B5d9dBxJOU+BvOAk7ZQ1xphsX8Lrog==
  dependencies:
    multiformats "^9.4.2"

varint@^5.0.2:
  version "5.0.2"
  resolved "https://registry.yarnpkg.com/varint/-/varint-5.0.2.tgz#5b47f8a947eb668b848e034dcfa87d0ff8a7f7a4"
  integrity sha512-lKxKYG6H03yCZUpAGOPOsMcGxd1RHCu1iKvEHYDPmTyq2HueGhD73ssNBqqQWfvYs04G9iUFRvmAVLW20Jw6ow==

varint@^6.0.0:
  version "6.0.0"
  resolved "https://registry.yarnpkg.com/varint/-/varint-6.0.0.tgz#9881eb0ce8feaea6512439d19ddf84bf551661d0"
  integrity sha512-cXEIW6cfr15lFv563k4GuVuW/fiwjknytD37jIOLSdSWuOI6WnO/oKwmP2FQTU2l01LP8/M5TSAJpzUaGe3uWg==

wordwrap@~0.0.2:
  version "0.0.3"
  resolved "https://registry.yarnpkg.com/wordwrap/-/wordwrap-0.0.3.tgz#a3d5da6cd5c0bc0008d37234bbaf1bed63059107"
  integrity sha512-1tMA907+V4QmxV7dbRvb4/8MaRALK6q9Abid3ndMYnbyo8piisCmeONVqVSXqQA3KaP4SLt5b7ud6E2sqP8TFw==
